
Microsoft Visual Studio Solution File, Format Version 12.00
# Visual Studio Version 17
VisualStudioVersion = 17.12.35527.113
MinimumVisualStudioVersion = 10.0.40219.1
Project("{FAE04EC0-301F-11D3-BF4B-00C04F79EFBC}") = "CSL", "CSL\CSL.csproj", "{93337BDE-E3A8-42DB-9984-C30578FA4557}"
EndProject
Project("{FAE04EC0-301F-11D3-BF4B-00C04F79EFBC}") = "CSL.Tests", "CSL.Tests\CSL.Tests.csproj", "{B7ACC855-0B54-41BA-BD16-3C1375C3E18F}"
EndProject
Project("{FAE04EC0-301F-11D3-BF4B-00C04F79EFBC}") = "CSL.CLI", "CSL.CLI\CSL.CLI.csproj", "{65E0AD28-0E69-45A3-A845-D0BBDB957CF8}"
EndProject
Global
	GlobalSection(SolutionConfigurationPlatforms) = preSolution
		Debug|Any CPU = Debug|Any CPU
		Release|Any CPU = Release|Any CPU
	EndGlobalSection
	GlobalSection(ProjectConfigurationPlatforms) = postSolution
		{93337BDE-E3A8-42DB-9984-C30578FA4557}.Debug|Any CPU.ActiveCfg = Debug|Any CPU
		{93337BDE-E3A8-42DB-9984-C30578FA4557}.Debug|Any CPU.Build.0 = Debug|Any CPU
		{93337BDE-E3A8-42DB-9984-C30578FA4557}.Release|Any CPU.ActiveCfg = Release|Any CPU
		{93337BDE-E3A8-42DB-9984-C30578FA4557}.Release|Any CPU.Build.0 = Release|Any CPU
		{B7ACC855-0B54-41BA-BD16-3C1375C3E18F}.Debug|Any CPU.ActiveCfg = Debug|Any CPU
		{B7ACC855-0B54-41BA-BD16-3C1375C3E18F}.Debug|Any CPU.Build.0 = Debug|Any CPU
		{B7ACC855-0B54-41BA-BD16-3C1375C3E18F}.Release|Any CPU.ActiveCfg = Release|Any CPU
		{B7ACC855-0B54-41BA-BD16-3C1375C3E18F}.Release|Any CPU.Build.0 = Release|Any CPU
		{65E0AD28-0E69-45A3-A845-D0BBDB957CF8}.Debug|Any CPU.ActiveCfg = Debug|Any CPU
		{65E0AD28-0E69-45A3-A845-D0BBDB957CF8}.Debug|Any CPU.Build.0 = Debug|Any CPU
		{65E0AD28-0E69-45A3-A845-D0BBDB957CF8}.Release|Any CPU.ActiveCfg = Release|Any CPU
		{65E0AD28-0E69-45A3-A845-D0BBDB957CF8}.Release|Any CPU.Build.0 = Release|Any CPU
	EndGlobalSection
	GlobalSection(SolutionProperties) = preSolution
		HideSolutionNode = FALSE
	EndGlobalSection
EndGlobal
