
Microsoft Visual Studio Solution File, Format Version 12.00
# Visual Studio Version 17
VisualStudioVersion = 17.12.35527.113
MinimumVisualStudioVersion = 10.0.40219.1
Project("{FAE04EC0-301F-11D3-BF4B-00C04F79EFBC}") = "CSL", "CSL\CSL.csproj", "{93337BDE-E3A8-42DB-9984-C30578FA4557}"
EndProject
Project("{FAE04EC0-301F-11D3-BF4B-00C04F79EFBC}") = "CSL.CLI", "CSL.CLI\CSL.CLI.csproj", "{65E0AD28-0E69-45A3-A845-D0BBDB957CF8}"
EndProject
Project("{FAE04EC0-301F-11D3-BF4B-00C04F79EFBC}") = "CSL.Tests", "CSL.Tests\CSL.Tests.csproj", "{E5235B8F-A056-46FF-BE7C-4EFBF3079CC1}"
EndProject
Project("{FAE04EC0-301F-11D3-BF4B-00C04F79EFBC}") = "CSL.Tests.Xunit", "CSL.Tests.Xunit\CSL.Tests.Xunit.csproj", "{6715E659-BDCD-487A-9227-C524FC2BD0D6}"
EndProject
Global
	GlobalSection(SolutionConfigurationPlatforms) = preSolution
		Debug|Any CPU = Debug|Any CPU
		Debug|x64 = Debug|x64
		Debug|x86 = Debug|x86
		Release|Any CPU = Release|Any CPU
		Release|x64 = Release|x64
		Release|x86 = Release|x86
	EndGlobalSection
	GlobalSection(ProjectConfigurationPlatforms) = postSolution
		{93337BDE-E3A8-42DB-9984-C30578FA4557}.Debug|Any CPU.ActiveCfg = Debug|Any CPU
		{93337BDE-E3A8-42DB-9984-C30578FA4557}.Debug|Any CPU.Build.0 = Debug|Any CPU
		{93337BDE-E3A8-42DB-9984-C30578FA4557}.Debug|x64.ActiveCfg = Debug|Any CPU
		{93337BDE-E3A8-42DB-9984-C30578FA4557}.Debug|x64.Build.0 = Debug|Any CPU
		{93337BDE-E3A8-42DB-9984-C30578FA4557}.Debug|x86.ActiveCfg = Debug|Any CPU
		{93337BDE-E3A8-42DB-9984-C30578FA4557}.Debug|x86.Build.0 = Debug|Any CPU
		{93337BDE-E3A8-42DB-9984-C30578FA4557}.Release|Any CPU.ActiveCfg = Release|Any CPU
		{93337BDE-E3A8-42DB-9984-C30578FA4557}.Release|Any CPU.Build.0 = Release|Any CPU
		{93337BDE-E3A8-42DB-9984-C30578FA4557}.Release|x64.ActiveCfg = Release|Any CPU
		{93337BDE-E3A8-42DB-9984-C30578FA4557}.Release|x64.Build.0 = Release|Any CPU
		{93337BDE-E3A8-42DB-9984-C30578FA4557}.Release|x86.ActiveCfg = Release|Any CPU
		{93337BDE-E3A8-42DB-9984-C30578FA4557}.Release|x86.Build.0 = Release|Any CPU
		{65E0AD28-0E69-45A3-A845-D0BBDB957CF8}.Debug|Any CPU.ActiveCfg = Debug|Any CPU
		{65E0AD28-0E69-45A3-A845-D0BBDB957CF8}.Debug|Any CPU.Build.0 = Debug|Any CPU
		{65E0AD28-0E69-45A3-A845-D0BBDB957CF8}.Debug|x64.ActiveCfg = Debug|Any CPU
		{65E0AD28-0E69-45A3-A845-D0BBDB957CF8}.Debug|x64.Build.0 = Debug|Any CPU
		{65E0AD28-0E69-45A3-A845-D0BBDB957CF8}.Debug|x86.ActiveCfg = Debug|Any CPU
		{65E0AD28-0E69-45A3-A845-D0BBDB957CF8}.Debug|x86.Build.0 = Debug|Any CPU
		{65E0AD28-0E69-45A3-A845-D0BBDB957CF8}.Release|Any CPU.ActiveCfg = Release|Any CPU
		{65E0AD28-0E69-45A3-A845-D0BBDB957CF8}.Release|Any CPU.Build.0 = Release|Any CPU
		{65E0AD28-0E69-45A3-A845-D0BBDB957CF8}.Release|x64.ActiveCfg = Release|Any CPU
		{65E0AD28-0E69-45A3-A845-D0BBDB957CF8}.Release|x64.Build.0 = Release|Any CPU
		{65E0AD28-0E69-45A3-A845-D0BBDB957CF8}.Release|x86.ActiveCfg = Release|Any CPU
		{65E0AD28-0E69-45A3-A845-D0BBDB957CF8}.Release|x86.Build.0 = Release|Any CPU
		{E5235B8F-A056-46FF-BE7C-4EFBF3079CC1}.Debug|Any CPU.ActiveCfg = Debug|Any CPU
		{E5235B8F-A056-46FF-BE7C-4EFBF3079CC1}.Debug|Any CPU.Build.0 = Debug|Any CPU
		{E5235B8F-A056-46FF-BE7C-4EFBF3079CC1}.Debug|x64.ActiveCfg = Debug|Any CPU
		{E5235B8F-A056-46FF-BE7C-4EFBF3079CC1}.Debug|x64.Build.0 = Debug|Any CPU
		{E5235B8F-A056-46FF-BE7C-4EFBF3079CC1}.Debug|x86.ActiveCfg = Debug|Any CPU
		{E5235B8F-A056-46FF-BE7C-4EFBF3079CC1}.Debug|x86.Build.0 = Debug|Any CPU
		{E5235B8F-A056-46FF-BE7C-4EFBF3079CC1}.Release|Any CPU.ActiveCfg = Release|Any CPU
		{E5235B8F-A056-46FF-BE7C-4EFBF3079CC1}.Release|Any CPU.Build.0 = Release|Any CPU
		{E5235B8F-A056-46FF-BE7C-4EFBF3079CC1}.Release|x64.ActiveCfg = Release|Any CPU
		{E5235B8F-A056-46FF-BE7C-4EFBF3079CC1}.Release|x64.Build.0 = Release|Any CPU
		{E5235B8F-A056-46FF-BE7C-4EFBF3079CC1}.Release|x86.ActiveCfg = Release|Any CPU
		{E5235B8F-A056-46FF-BE7C-4EFBF3079CC1}.Release|x86.Build.0 = Release|Any CPU
		{6715E659-BDCD-487A-9227-C524FC2BD0D6}.Debug|Any CPU.ActiveCfg = Debug|Any CPU
		{6715E659-BDCD-487A-9227-C524FC2BD0D6}.Debug|Any CPU.Build.0 = Debug|Any CPU
		{6715E659-BDCD-487A-9227-C524FC2BD0D6}.Debug|x64.ActiveCfg = Debug|Any CPU
		{6715E659-BDCD-487A-9227-C524FC2BD0D6}.Debug|x64.Build.0 = Debug|Any CPU
		{6715E659-BDCD-487A-9227-C524FC2BD0D6}.Debug|x86.ActiveCfg = Debug|Any CPU
		{6715E659-BDCD-487A-9227-C524FC2BD0D6}.Debug|x86.Build.0 = Debug|Any CPU
		{6715E659-BDCD-487A-9227-C524FC2BD0D6}.Release|Any CPU.ActiveCfg = Release|Any CPU
		{6715E659-BDCD-487A-9227-C524FC2BD0D6}.Release|Any CPU.Build.0 = Release|Any CPU
		{6715E659-BDCD-487A-9227-C524FC2BD0D6}.Release|x64.ActiveCfg = Release|Any CPU
		{6715E659-BDCD-487A-9227-C524FC2BD0D6}.Release|x64.Build.0 = Release|Any CPU
		{6715E659-BDCD-487A-9227-C524FC2BD0D6}.Release|x86.ActiveCfg = Release|Any CPU
		{6715E659-BDCD-487A-9227-C524FC2BD0D6}.Release|x86.Build.0 = Release|Any CPU
	EndGlobalSection
	GlobalSection(SolutionProperties) = preSolution
		HideSolutionNode = FALSE
	EndGlobalSection
	GlobalSection(NestedProjects) = preSolution
	EndGlobalSection
EndGlobal
