
Microsoft Visual Studio Solution File, Format Version 12.00
# Visual Studio Version 17
VisualStudioVersion = 17.12.35527.113
MinimumVisualStudioVersion = 10.0.40219.1
Project("{FAE04EC0-301F-11D3-BF4B-00C04F79EFBC}") = "CSL", "CSL\CSL.csproj", "{93337BDE-E3A8-42DB-9984-C30578FA4557}"
EndProject
Project("{FAE04EC0-301F-11D3-BF4B-00C04F79EFBC}") = "CSL.CLI", "CSL.CLI\CSL.CLI.csproj", "{65E0AD28-0E69-45A3-A845-D0BBDB957CF8}"
EndProject
Project("{2150E333-8FDC-42A3-9474-1A3956D46DE8}") = "CSL.Tests", "CSL.Tests", "{90E30B76-BCC5-E33B-031D-84104CE6FF3E}"
EndProject
Project("{2150E333-8FDC-42A3-9474-1A3956D46DE8}") = "Xunit", "Xunit", "{2134F6EE-A327-0855-37AD-001423E72AB4}"
EndProject
Project("{FAE04EC0-301F-11D3-BF4B-00C04F79EFBC}") = "XunitTests", "CSL.Tests\Xunit\XunitTests.csproj", "{51BD9D6F-1C5E-4DF4-904E-A9382798882F}"
EndProject
Project("{2150E333-8FDC-42A3-9474-1A3956D46DE8}") = "NUnit", "NUnit", "{993326FE-3EFB-2EB0-161D-257E75A2E33E}"
EndProject
Project("{FAE04EC0-301F-11D3-BF4B-00C04F79EFBC}") = "NUnitTests", "CSL.Tests\NUnit\NUnitTests.csproj", "{98B7A18D-D686-4C51-B624-07A8E309AFAE}"
EndProject
Global
	GlobalSection(SolutionConfigurationPlatforms) = preSolution
		Debug|Any CPU = Debug|Any CPU
		Debug|x64 = Debug|x64
		Debug|x86 = Debug|x86
		Release|Any CPU = Release|Any CPU
		Release|x64 = Release|x64
		Release|x86 = Release|x86
	EndGlobalSection
	GlobalSection(ProjectConfigurationPlatforms) = postSolution
		{93337BDE-E3A8-42DB-9984-C30578FA4557}.Debug|Any CPU.ActiveCfg = Debug|Any CPU
		{93337BDE-E3A8-42DB-9984-C30578FA4557}.Debug|Any CPU.Build.0 = Debug|Any CPU
		{93337BDE-E3A8-42DB-9984-C30578FA4557}.Debug|x64.ActiveCfg = Debug|Any CPU
		{93337BDE-E3A8-42DB-9984-C30578FA4557}.Debug|x64.Build.0 = Debug|Any CPU
		{93337BDE-E3A8-42DB-9984-C30578FA4557}.Debug|x86.ActiveCfg = Debug|Any CPU
		{93337BDE-E3A8-42DB-9984-C30578FA4557}.Debug|x86.Build.0 = Debug|Any CPU
		{93337BDE-E3A8-42DB-9984-C30578FA4557}.Release|Any CPU.ActiveCfg = Release|Any CPU
		{93337BDE-E3A8-42DB-9984-C30578FA4557}.Release|Any CPU.Build.0 = Release|Any CPU
		{93337BDE-E3A8-42DB-9984-C30578FA4557}.Release|x64.ActiveCfg = Release|Any CPU
		{93337BDE-E3A8-42DB-9984-C30578FA4557}.Release|x64.Build.0 = Release|Any CPU
		{93337BDE-E3A8-42DB-9984-C30578FA4557}.Release|x86.ActiveCfg = Release|Any CPU
		{93337BDE-E3A8-42DB-9984-C30578FA4557}.Release|x86.Build.0 = Release|Any CPU
		{65E0AD28-0E69-45A3-A845-D0BBDB957CF8}.Debug|Any CPU.ActiveCfg = Debug|Any CPU
		{65E0AD28-0E69-45A3-A845-D0BBDB957CF8}.Debug|Any CPU.Build.0 = Debug|Any CPU
		{65E0AD28-0E69-45A3-A845-D0BBDB957CF8}.Debug|x64.ActiveCfg = Debug|Any CPU
		{65E0AD28-0E69-45A3-A845-D0BBDB957CF8}.Debug|x64.Build.0 = Debug|Any CPU
		{65E0AD28-0E69-45A3-A845-D0BBDB957CF8}.Debug|x86.ActiveCfg = Debug|Any CPU
		{65E0AD28-0E69-45A3-A845-D0BBDB957CF8}.Debug|x86.Build.0 = Debug|Any CPU
		{65E0AD28-0E69-45A3-A845-D0BBDB957CF8}.Release|Any CPU.ActiveCfg = Release|Any CPU
		{65E0AD28-0E69-45A3-A845-D0BBDB957CF8}.Release|Any CPU.Build.0 = Release|Any CPU
		{65E0AD28-0E69-45A3-A845-D0BBDB957CF8}.Release|x64.ActiveCfg = Release|Any CPU
		{65E0AD28-0E69-45A3-A845-D0BBDB957CF8}.Release|x64.Build.0 = Release|Any CPU
		{65E0AD28-0E69-45A3-A845-D0BBDB957CF8}.Release|x86.ActiveCfg = Release|Any CPU
		{65E0AD28-0E69-45A3-A845-D0BBDB957CF8}.Release|x86.Build.0 = Release|Any CPU
		{51BD9D6F-1C5E-4DF4-904E-A9382798882F}.Debug|Any CPU.ActiveCfg = Debug|Any CPU
		{51BD9D6F-1C5E-4DF4-904E-A9382798882F}.Debug|Any CPU.Build.0 = Debug|Any CPU
		{51BD9D6F-1C5E-4DF4-904E-A9382798882F}.Debug|x64.ActiveCfg = Debug|Any CPU
		{51BD9D6F-1C5E-4DF4-904E-A9382798882F}.Debug|x64.Build.0 = Debug|Any CPU
		{51BD9D6F-1C5E-4DF4-904E-A9382798882F}.Debug|x86.ActiveCfg = Debug|Any CPU
		{51BD9D6F-1C5E-4DF4-904E-A9382798882F}.Debug|x86.Build.0 = Debug|Any CPU
		{51BD9D6F-1C5E-4DF4-904E-A9382798882F}.Release|Any CPU.ActiveCfg = Release|Any CPU
		{51BD9D6F-1C5E-4DF4-904E-A9382798882F}.Release|Any CPU.Build.0 = Release|Any CPU
		{51BD9D6F-1C5E-4DF4-904E-A9382798882F}.Release|x64.ActiveCfg = Release|Any CPU
		{51BD9D6F-1C5E-4DF4-904E-A9382798882F}.Release|x64.Build.0 = Release|Any CPU
		{51BD9D6F-1C5E-4DF4-904E-A9382798882F}.Release|x86.ActiveCfg = Release|Any CPU
		{51BD9D6F-1C5E-4DF4-904E-A9382798882F}.Release|x86.Build.0 = Release|Any CPU
		{98B7A18D-D686-4C51-B624-07A8E309AFAE}.Debug|Any CPU.ActiveCfg = Debug|Any CPU
		{98B7A18D-D686-4C51-B624-07A8E309AFAE}.Debug|Any CPU.Build.0 = Debug|Any CPU
		{98B7A18D-D686-4C51-B624-07A8E309AFAE}.Debug|x64.ActiveCfg = Debug|Any CPU
		{98B7A18D-D686-4C51-B624-07A8E309AFAE}.Debug|x64.Build.0 = Debug|Any CPU
		{98B7A18D-D686-4C51-B624-07A8E309AFAE}.Debug|x86.ActiveCfg = Debug|Any CPU
		{98B7A18D-D686-4C51-B624-07A8E309AFAE}.Debug|x86.Build.0 = Debug|Any CPU
		{98B7A18D-D686-4C51-B624-07A8E309AFAE}.Release|Any CPU.ActiveCfg = Release|Any CPU
		{98B7A18D-D686-4C51-B624-07A8E309AFAE}.Release|Any CPU.Build.0 = Release|Any CPU
		{98B7A18D-D686-4C51-B624-07A8E309AFAE}.Release|x64.ActiveCfg = Release|Any CPU
		{98B7A18D-D686-4C51-B624-07A8E309AFAE}.Release|x64.Build.0 = Release|Any CPU
		{98B7A18D-D686-4C51-B624-07A8E309AFAE}.Release|x86.ActiveCfg = Release|Any CPU
		{98B7A18D-D686-4C51-B624-07A8E309AFAE}.Release|x86.Build.0 = Release|Any CPU
	EndGlobalSection
	GlobalSection(SolutionProperties) = preSolution
		HideSolutionNode = FALSE
	EndGlobalSection
	GlobalSection(NestedProjects) = preSolution
		{2134F6EE-A327-0855-37AD-001423E72AB4} = {90E30B76-BCC5-E33B-031D-84104CE6FF3E}
		{51BD9D6F-1C5E-4DF4-904E-A9382798882F} = {2134F6EE-A327-0855-37AD-001423E72AB4}
		{993326FE-3EFB-2EB0-161D-257E75A2E33E} = {90E30B76-BCC5-E33B-031D-84104CE6FF3E}
		{98B7A18D-D686-4C51-B624-07A8E309AFAE} = {993326FE-3EFB-2EB0-161D-257E75A2E33E}
	EndGlobalSection
EndGlobal
